
Microsoft Visual Studio Solution File, Format Version 12.00
# Visual Studio Version 17
VisualStudioVersion = 17.2.32616.157
MinimumVisualStudioVersion = 10.0.40219.1
Project("{FAE04EC0-301F-11D3-BF4B-00C04F79EFBC}") = "COMCalculatorNet6Version", "COMCalculatorNet6Version\COMCalculatorNet6Version.csproj", "{040C2465-CB01-4035-B04E-E5132C45AEF6}"
EndProject
Global
	GlobalSection(SolutionConfigurationPlatforms) = preSolution
		Debug|x64 = Debug|x64
		Debug|x86 = Debug|x86
		Release|x64 = Release|x64
		Release|x86 = Release|x86
	EndGlobalSection
	GlobalSection(ProjectConfigurationPlatforms) = postSolution
		{040C2465-CB01-4035-B04E-E5132C45AEF6}.Debug|x64.ActiveCfg = Debug|x64
		{040C2465-CB01-4035-B04E-E5132C45AEF6}.Debug|x64.Build.0 = Debug|x64
		{040C2465-CB01-4035-B04E-E5132C45AEF6}.Debug|x86.ActiveCfg = Debug|x86
		{040C2465-CB01-4035-B04E-E5132C45AEF6}.Debug|x86.Build.0 = Debug|x86
		{040C2465-CB01-4035-B04E-E5132C45AEF6}.Release|x64.ActiveCfg = Release|x64
		{040C2465-CB01-4035-B04E-E5132C45AEF6}.Release|x64.Build.0 = Release|x64
		{040C2465-CB01-4035-B04E-E5132C45AEF6}.Release|x86.ActiveCfg = Release|x86
		{040C2465-CB01-4035-B04E-E5132C45AEF6}.Release|x86.Build.0 = Release|x86
	EndGlobalSection
	GlobalSection(SolutionProperties) = preSolution
		HideSolutionNode = FALSE
	EndGlobalSection
	GlobalSection(ExtensibilityGlobals) = postSolution
		SolutionGuid = {94488855-935D-479B-B2D6-26FE471B9D39}
	EndGlobalSection
EndGlobal
